
Microsoft Visual Studio Solution File, Format Version 12.00
# Visual Studio Version 17
VisualStudioVersion = 17.5.33414.496
MinimumVisualStudioVersion = 10.0.40219.1
Project("{FAE04EC0-301F-11D3-BF4B-00C04F79EFBC}") = "Giao dien", "Giao dien\Giao dien.csproj", "{088A6EFA-DDA1-4219-A5C2-82AA19BD05BF}"
EndProject
Global
	GlobalSection(SolutionConfigurationPlatforms) = preSolution
		Debug|Any CPU = Debug|Any CPU
		Release|Any CPU = Release|Any CPU
	EndGlobalSection
	GlobalSection(ProjectConfigurationPlatforms) = postSolution
		{088A6EFA-DDA1-4219-A5C2-82AA19BD05BF}.Debug|Any CPU.ActiveCfg = Debug|Any CPU
		{088A6EFA-DDA1-4219-A5C2-82AA19BD05BF}.Debug|Any CPU.Build.0 = Debug|Any CPU
		{088A6EFA-DDA1-4219-A5C2-82AA19BD05BF}.Release|Any CPU.ActiveCfg = Release|Any CPU
		{088A6EFA-DDA1-4219-A5C2-82AA19BD05BF}.Release|Any CPU.Build.0 = Release|Any CPU
	EndGlobalSection
	GlobalSection(SolutionProperties) = preSolution
		HideSolutionNode = FALSE
	EndGlobalSection
	GlobalSection(ExtensibilityGlobals) = postSolution
		SolutionGuid = {BDE8FF5C-D235-4AC0-ADFE-E55B4FC2BF88}
	EndGlobalSection
EndGlobal
